
Microsoft Visual Studio Solution File, Format Version 12.00
# Visual Studio 2012
Project("{FAE04EC0-301F-11D3-BF4B-00C04F79EFBC}") = "GesturesViewer", "GesturesViewer\GesturesViewer.csproj", "{39F18801-83CF-4957-94DE-7529D2E3A8E9}"
EndProject
Project("{FAE04EC0-301F-11D3-BF4B-00C04F79EFBC}") = "Util", "Util\Util.csproj", "{0E934DEE-D1F2-49B9-B8E9-06164D72E4AC}"
EndProject
Project("{8BC9CEB8-8B4A-11D0-8D11-00A0C91BC942}") = "GpuProcessor", "GpuProcessor\GpuProcessor.vcxproj", "{69AC9F89-EA8B-4FE2-A8E9-812C5324CF3F}"
EndProject
Project("{8BC9CEB8-8B4A-11D0-8D11-00A0C91BC942}") = "ProcessorTest", "ProcessorTest\ProcessorTest.vcxproj", "{4D9FDFB5-986A-4139-823C-F4EE0ED481A2}"
EndProject
Project("{8BC9CEB8-8B4A-11D0-8D11-00A0C91BC942}") = "Processor", "Processor\Processor.vcxproj", "{2DBE5776-DA79-425D-A462-3600E8760FDB}"
EndProject
Project("{8BC9CEB8-8B4A-11D0-8D11-00A0C91BC942}") = "ProcessorWrapper", "ProcessorWrapper\ProcessorWrapper.vcxproj", "{141272A8-30F0-433F-AD0C-DDA69A6077D0}"
EndProject
Project("{FAE04EC0-301F-11D3-BF4B-00C04F79EFBC}") = "OfflineProcessor", "OfflineProcessor\OfflineProcessor.csproj", "{58BC7B3E-AEEB-4F84-97F0-6B5C55873121}"
EndProject
Project("{FAE04EC0-301F-11D3-BF4B-00C04F79EFBC}") = "Engine", "Engine\Engine.csproj", "{A508B43B-222E-4A0E-9280-A7F924CCFAB4}"
EndProject
Project("{FAE04EC0-301F-11D3-BF4B-00C04F79EFBC}") = "Kinect.Toolbox", "..\kinect_toolbox\Kinect.Toolbox.csproj", "{2C84CE43-CDAB-4541-A55A-7F849E8AC247}"
EndProject
Project("{FAE04EC0-301F-11D3-BF4B-00C04F79EFBC}") = "Kinect.Toolbox.Voice", "..\kinect_toolbox\Kinect.Toolbox.Voice\Kinect.Toolbox.Voice.csproj", "{09DAE56B-715F-4069-BB66-A110D876A772}"
EndProject
Project("{FAE04EC0-301F-11D3-BF4B-00C04F79EFBC}") = "Test", "UtilTest\Test.csproj", "{359A2541-2F84-40BB-A673-041460AB09A2}"
EndProject
Project("{FAE04EC0-301F-11D3-BF4B-00C04F79EFBC}") = "WebSocketServer", "..\WebSocketServer\WebSocketServer\WebSocketServer.csproj", "{CC9CFE96-4647-4E8A-89F7-4818B4A006FE}"
EndProject
Global
	GlobalSection(SolutionConfigurationPlatforms) = preSolution
		Debug|Any CPU = Debug|Any CPU
		Debug|Mixed Platforms = Debug|Mixed Platforms
		Debug|Win32 = Debug|Win32
		Debug|x64 = Debug|x64
		Debug|x86 = Debug|x86
		Release|Any CPU = Release|Any CPU
		Release|Mixed Platforms = Release|Mixed Platforms
		Release|Win32 = Release|Win32
		Release|x64 = Release|x64
		Release|x86 = Release|x86
	EndGlobalSection
	GlobalSection(ProjectConfigurationPlatforms) = postSolution
		{39F18801-83CF-4957-94DE-7529D2E3A8E9}.Debug|Any CPU.ActiveCfg = Debug|x86
		{39F18801-83CF-4957-94DE-7529D2E3A8E9}.Debug|Any CPU.Build.0 = Debug|x86
		{39F18801-83CF-4957-94DE-7529D2E3A8E9}.Debug|Mixed Platforms.ActiveCfg = Debug|x86
		{39F18801-83CF-4957-94DE-7529D2E3A8E9}.Debug|Mixed Platforms.Build.0 = Debug|x86
		{39F18801-83CF-4957-94DE-7529D2E3A8E9}.Debug|Win32.ActiveCfg = Debug|x86
		{39F18801-83CF-4957-94DE-7529D2E3A8E9}.Debug|Win32.Build.0 = Debug|x86
		{39F18801-83CF-4957-94DE-7529D2E3A8E9}.Debug|x64.ActiveCfg = Debug|x64
		{39F18801-83CF-4957-94DE-7529D2E3A8E9}.Debug|x64.Build.0 = Debug|x64
		{39F18801-83CF-4957-94DE-7529D2E3A8E9}.Debug|x86.ActiveCfg = Debug|x86
		{39F18801-83CF-4957-94DE-7529D2E3A8E9}.Debug|x86.Build.0 = Debug|x86
		{39F18801-83CF-4957-94DE-7529D2E3A8E9}.Release|Any CPU.ActiveCfg = Release|Any CPU
		{39F18801-83CF-4957-94DE-7529D2E3A8E9}.Release|Any CPU.Build.0 = Release|Any CPU
		{39F18801-83CF-4957-94DE-7529D2E3A8E9}.Release|Mixed Platforms.ActiveCfg = Release|x86
		{39F18801-83CF-4957-94DE-7529D2E3A8E9}.Release|Mixed Platforms.Build.0 = Release|x86
		{39F18801-83CF-4957-94DE-7529D2E3A8E9}.Release|Win32.ActiveCfg = Release|x86
		{39F18801-83CF-4957-94DE-7529D2E3A8E9}.Release|Win32.Build.0 = Release|x86
		{39F18801-83CF-4957-94DE-7529D2E3A8E9}.Release|x64.ActiveCfg = Release|x64
		{39F18801-83CF-4957-94DE-7529D2E3A8E9}.Release|x64.Build.0 = Release|x64
		{39F18801-83CF-4957-94DE-7529D2E3A8E9}.Release|x86.ActiveCfg = Release|x86
		{39F18801-83CF-4957-94DE-7529D2E3A8E9}.Release|x86.Build.0 = Release|x86
		{0E934DEE-D1F2-49B9-B8E9-06164D72E4AC}.Debug|Any CPU.ActiveCfg = Debug|Any CPU
		{0E934DEE-D1F2-49B9-B8E9-06164D72E4AC}.Debug|Any CPU.Build.0 = Debug|Any CPU
		{0E934DEE-D1F2-49B9-B8E9-06164D72E4AC}.Debug|Mixed Platforms.ActiveCfg = Debug|Any CPU
		{0E934DEE-D1F2-49B9-B8E9-06164D72E4AC}.Debug|Mixed Platforms.Build.0 = Debug|Any CPU
		{0E934DEE-D1F2-49B9-B8E9-06164D72E4AC}.Debug|Win32.ActiveCfg = Debug|Any CPU
		{0E934DEE-D1F2-49B9-B8E9-06164D72E4AC}.Debug|x64.ActiveCfg = Debug|x64
		{0E934DEE-D1F2-49B9-B8E9-06164D72E4AC}.Debug|x64.Build.0 = Debug|x64
		{0E934DEE-D1F2-49B9-B8E9-06164D72E4AC}.Debug|x86.ActiveCfg = Debug|Any CPU
		{0E934DEE-D1F2-49B9-B8E9-06164D72E4AC}.Release|Any CPU.ActiveCfg = Release|Any CPU
		{0E934DEE-D1F2-49B9-B8E9-06164D72E4AC}.Release|Any CPU.Build.0 = Release|Any CPU
		{0E934DEE-D1F2-49B9-B8E9-06164D72E4AC}.Release|Mixed Platforms.ActiveCfg = Release|Any CPU
		{0E934DEE-D1F2-49B9-B8E9-06164D72E4AC}.Release|Mixed Platforms.Build.0 = Release|Any CPU
		{0E934DEE-D1F2-49B9-B8E9-06164D72E4AC}.Release|Win32.ActiveCfg = Release|Any CPU
		{0E934DEE-D1F2-49B9-B8E9-06164D72E4AC}.Release|x64.ActiveCfg = Release|x64
		{0E934DEE-D1F2-49B9-B8E9-06164D72E4AC}.Release|x64.Build.0 = Release|x64
		{0E934DEE-D1F2-49B9-B8E9-06164D72E4AC}.Release|x86.ActiveCfg = Release|Any CPU
		{69AC9F89-EA8B-4FE2-A8E9-812C5324CF3F}.Debug|Any CPU.ActiveCfg = Debug|Win32
		{69AC9F89-EA8B-4FE2-A8E9-812C5324CF3F}.Debug|Any CPU.Build.0 = Debug|Win32
		{69AC9F89-EA8B-4FE2-A8E9-812C5324CF3F}.Debug|Mixed Platforms.ActiveCfg = Debug|Win32
		{69AC9F89-EA8B-4FE2-A8E9-812C5324CF3F}.Debug|Mixed Platforms.Build.0 = Debug|Win32
		{69AC9F89-EA8B-4FE2-A8E9-812C5324CF3F}.Debug|Win32.ActiveCfg = Debug|Win32
		{69AC9F89-EA8B-4FE2-A8E9-812C5324CF3F}.Debug|Win32.Build.0 = Debug|Win32
		{69AC9F89-EA8B-4FE2-A8E9-812C5324CF3F}.Debug|x64.ActiveCfg = Debug|x64
		{69AC9F89-EA8B-4FE2-A8E9-812C5324CF3F}.Debug|x64.Build.0 = Debug|x64
		{69AC9F89-EA8B-4FE2-A8E9-812C5324CF3F}.Debug|x86.ActiveCfg = Debug|Win32
		{69AC9F89-EA8B-4FE2-A8E9-812C5324CF3F}.Debug|x86.Build.0 = Debug|Win32
		{69AC9F89-EA8B-4FE2-A8E9-812C5324CF3F}.Release|Any CPU.ActiveCfg = Release|Win32
		{69AC9F89-EA8B-4FE2-A8E9-812C5324CF3F}.Release|Any CPU.Build.0 = Release|Win32
		{69AC9F89-EA8B-4FE2-A8E9-812C5324CF3F}.Release|Mixed Platforms.ActiveCfg = Release|Win32
		{69AC9F89-EA8B-4FE2-A8E9-812C5324CF3F}.Release|Mixed Platforms.Build.0 = Release|Win32
		{69AC9F89-EA8B-4FE2-A8E9-812C5324CF3F}.Release|Win32.ActiveCfg = Release|Win32
		{69AC9F89-EA8B-4FE2-A8E9-812C5324CF3F}.Release|Win32.Build.0 = Release|Win32
		{69AC9F89-EA8B-4FE2-A8E9-812C5324CF3F}.Release|x64.ActiveCfg = Release|x64
		{69AC9F89-EA8B-4FE2-A8E9-812C5324CF3F}.Release|x64.Build.0 = Release|x64
		{69AC9F89-EA8B-4FE2-A8E9-812C5324CF3F}.Release|x86.ActiveCfg = Release|Win32
		{69AC9F89-EA8B-4FE2-A8E9-812C5324CF3F}.Release|x86.Build.0 = Release|Win32
		{4D9FDFB5-986A-4139-823C-F4EE0ED481A2}.Debug|Any CPU.ActiveCfg = Debug|Win32
		{4D9FDFB5-986A-4139-823C-F4EE0ED481A2}.Debug|Mixed Platforms.ActiveCfg = Debug|Win32
		{4D9FDFB5-986A-4139-823C-F4EE0ED481A2}.Debug|Mixed Platforms.Build.0 = Debug|Win32
		{4D9FDFB5-986A-4139-823C-F4EE0ED481A2}.Debug|Win32.ActiveCfg = Debug|Win32
		{4D9FDFB5-986A-4139-823C-F4EE0ED481A2}.Debug|Win32.Build.0 = Debug|Win32
		{4D9FDFB5-986A-4139-823C-F4EE0ED481A2}.Debug|x64.ActiveCfg = Debug|x64
		{4D9FDFB5-986A-4139-823C-F4EE0ED481A2}.Debug|x86.ActiveCfg = Debug|Win32
		{4D9FDFB5-986A-4139-823C-F4EE0ED481A2}.Debug|x86.Build.0 = Debug|Win32
		{4D9FDFB5-986A-4139-823C-F4EE0ED481A2}.Release|Any CPU.ActiveCfg = Release|x64
		{4D9FDFB5-986A-4139-823C-F4EE0ED481A2}.Release|Mixed Platforms.ActiveCfg = Release|Win32
		{4D9FDFB5-986A-4139-823C-F4EE0ED481A2}.Release|Mixed Platforms.Build.0 = Release|Win32
		{4D9FDFB5-986A-4139-823C-F4EE0ED481A2}.Release|Win32.ActiveCfg = Release|Win32
		{4D9FDFB5-986A-4139-823C-F4EE0ED481A2}.Release|Win32.Build.0 = Release|Win32
		{4D9FDFB5-986A-4139-823C-F4EE0ED481A2}.Release|x64.ActiveCfg = Release|x64
		{4D9FDFB5-986A-4139-823C-F4EE0ED481A2}.Release|x86.ActiveCfg = Release|Win32
		{4D9FDFB5-986A-4139-823C-F4EE0ED481A2}.Release|x86.Build.0 = Release|Win32
		{2DBE5776-DA79-425D-A462-3600E8760FDB}.Debug|Any CPU.ActiveCfg = Debug|Win32
		{2DBE5776-DA79-425D-A462-3600E8760FDB}.Debug|Mixed Platforms.ActiveCfg = Debug|Win32
		{2DBE5776-DA79-425D-A462-3600E8760FDB}.Debug|Mixed Platforms.Build.0 = Debug|Win32
		{2DBE5776-DA79-425D-A462-3600E8760FDB}.Debug|Win32.ActiveCfg = Debug|Win32
		{2DBE5776-DA79-425D-A462-3600E8760FDB}.Debug|Win32.Build.0 = Debug|Win32
		{2DBE5776-DA79-425D-A462-3600E8760FDB}.Debug|x64.ActiveCfg = Debug|x64
		{2DBE5776-DA79-425D-A462-3600E8760FDB}.Debug|x64.Build.0 = Debug|x64
		{2DBE5776-DA79-425D-A462-3600E8760FDB}.Debug|x86.ActiveCfg = Debug|Win32
		{2DBE5776-DA79-425D-A462-3600E8760FDB}.Debug|x86.Build.0 = Debug|Win32
		{2DBE5776-DA79-425D-A462-3600E8760FDB}.Release|Any CPU.ActiveCfg = Release|x64
		{2DBE5776-DA79-425D-A462-3600E8760FDB}.Release|Any CPU.Build.0 = Release|x64
		{2DBE5776-DA79-425D-A462-3600E8760FDB}.Release|Mixed Platforms.ActiveCfg = Release|Win32
		{2DBE5776-DA79-425D-A462-3600E8760FDB}.Release|Mixed Platforms.Build.0 = Release|Win32
		{2DBE5776-DA79-425D-A462-3600E8760FDB}.Release|Win32.ActiveCfg = Release|Win32
		{2DBE5776-DA79-425D-A462-3600E8760FDB}.Release|Win32.Build.0 = Release|Win32
		{2DBE5776-DA79-425D-A462-3600E8760FDB}.Release|x64.ActiveCfg = Release|x64
		{2DBE5776-DA79-425D-A462-3600E8760FDB}.Release|x64.Build.0 = Release|x64
		{2DBE5776-DA79-425D-A462-3600E8760FDB}.Release|x86.ActiveCfg = Release|Win32
		{2DBE5776-DA79-425D-A462-3600E8760FDB}.Release|x86.Build.0 = Release|Win32
		{141272A8-30F0-433F-AD0C-DDA69A6077D0}.Debug|Any CPU.ActiveCfg = Debug|Win32
		{141272A8-30F0-433F-AD0C-DDA69A6077D0}.Debug|Mixed Platforms.ActiveCfg = Debug|Win32
		{141272A8-30F0-433F-AD0C-DDA69A6077D0}.Debug|Mixed Platforms.Build.0 = Debug|Win32
		{141272A8-30F0-433F-AD0C-DDA69A6077D0}.Debug|Win32.ActiveCfg = Debug|Win32
		{141272A8-30F0-433F-AD0C-DDA69A6077D0}.Debug|Win32.Build.0 = Debug|Win32
		{141272A8-30F0-433F-AD0C-DDA69A6077D0}.Debug|x64.ActiveCfg = Debug|x64
		{141272A8-30F0-433F-AD0C-DDA69A6077D0}.Debug|x64.Build.0 = Debug|x64
		{141272A8-30F0-433F-AD0C-DDA69A6077D0}.Debug|x86.ActiveCfg = Debug|Win32
		{141272A8-30F0-433F-AD0C-DDA69A6077D0}.Debug|x86.Build.0 = Debug|Win32
		{141272A8-30F0-433F-AD0C-DDA69A6077D0}.Release|Any CPU.ActiveCfg = Release|x64
		{141272A8-30F0-433F-AD0C-DDA69A6077D0}.Release|Any CPU.Build.0 = Release|x64
		{141272A8-30F0-433F-AD0C-DDA69A6077D0}.Release|Mixed Platforms.ActiveCfg = Release|Win32
		{141272A8-30F0-433F-AD0C-DDA69A6077D0}.Release|Mixed Platforms.Build.0 = Release|Win32
		{141272A8-30F0-433F-AD0C-DDA69A6077D0}.Release|Win32.ActiveCfg = Release|Win32
		{141272A8-30F0-433F-AD0C-DDA69A6077D0}.Release|Win32.Build.0 = Release|Win32
		{141272A8-30F0-433F-AD0C-DDA69A6077D0}.Release|x64.ActiveCfg = Release|x64
		{141272A8-30F0-433F-AD0C-DDA69A6077D0}.Release|x64.Build.0 = Release|x64
		{141272A8-30F0-433F-AD0C-DDA69A6077D0}.Release|x86.ActiveCfg = Release|Win32
		{141272A8-30F0-433F-AD0C-DDA69A6077D0}.Release|x86.Build.0 = Release|Win32
		{58BC7B3E-AEEB-4F84-97F0-6B5C55873121}.Debug|Any CPU.ActiveCfg = Debug|Any CPU
		{58BC7B3E-AEEB-4F84-97F0-6B5C55873121}.Debug|Any CPU.Build.0 = Debug|Any CPU
		{58BC7B3E-AEEB-4F84-97F0-6B5C55873121}.Debug|Mixed Platforms.ActiveCfg = Debug|Any CPU
		{58BC7B3E-AEEB-4F84-97F0-6B5C55873121}.Debug|Mixed Platforms.Build.0 = Debug|Any CPU
		{58BC7B3E-AEEB-4F84-97F0-6B5C55873121}.Debug|Win32.ActiveCfg = Debug|Any CPU
		{58BC7B3E-AEEB-4F84-97F0-6B5C55873121}.Debug|x64.ActiveCfg = Debug|x64
		{58BC7B3E-AEEB-4F84-97F0-6B5C55873121}.Debug|x64.Build.0 = Debug|x64
		{58BC7B3E-AEEB-4F84-97F0-6B5C55873121}.Debug|x86.ActiveCfg = Debug|Any CPU
		{58BC7B3E-AEEB-4F84-97F0-6B5C55873121}.Release|Any CPU.ActiveCfg = Release|Any CPU
		{58BC7B3E-AEEB-4F84-97F0-6B5C55873121}.Release|Mixed Platforms.ActiveCfg = Release|Any CPU
		{58BC7B3E-AEEB-4F84-97F0-6B5C55873121}.Release|Mixed Platforms.Build.0 = Release|Any CPU
		{58BC7B3E-AEEB-4F84-97F0-6B5C55873121}.Release|Win32.ActiveCfg = Release|Any CPU
		{58BC7B3E-AEEB-4F84-97F0-6B5C55873121}.Release|x64.ActiveCfg = Release|x64
		{58BC7B3E-AEEB-4F84-97F0-6B5C55873121}.Release|x64.Build.0 = Release|x64
		{58BC7B3E-AEEB-4F84-97F0-6B5C55873121}.Release|x86.ActiveCfg = Release|Any CPU
		{A508B43B-222E-4A0E-9280-A7F924CCFAB4}.Debug|Any CPU.ActiveCfg = Debug|Any CPU
		{A508B43B-222E-4A0E-9280-A7F924CCFAB4}.Debug|Any CPU.Build.0 = Debug|Any CPU
		{A508B43B-222E-4A0E-9280-A7F924CCFAB4}.Debug|Mixed Platforms.ActiveCfg = Debug|Any CPU
		{A508B43B-222E-4A0E-9280-A7F924CCFAB4}.Debug|Mixed Platforms.Build.0 = Debug|Any CPU
		{A508B43B-222E-4A0E-9280-A7F924CCFAB4}.Debug|Win32.ActiveCfg = Debug|Any CPU
		{A508B43B-222E-4A0E-9280-A7F924CCFAB4}.Debug|x64.ActiveCfg = Debug|x64
		{A508B43B-222E-4A0E-9280-A7F924CCFAB4}.Debug|x64.Build.0 = Debug|x64
		{A508B43B-222E-4A0E-9280-A7F924CCFAB4}.Debug|x86.ActiveCfg = Debug|Any CPU
		{A508B43B-222E-4A0E-9280-A7F924CCFAB4}.Release|Any CPU.ActiveCfg = Release|Any CPU
		{A508B43B-222E-4A0E-9280-A7F924CCFAB4}.Release|Any CPU.Build.0 = Release|Any CPU
		{A508B43B-222E-4A0E-9280-A7F924CCFAB4}.Release|Mixed Platforms.ActiveCfg = Release|Any CPU
		{A508B43B-222E-4A0E-9280-A7F924CCFAB4}.Release|Mixed Platforms.Build.0 = Release|Any CPU
		{A508B43B-222E-4A0E-9280-A7F924CCFAB4}.Release|Win32.ActiveCfg = Release|Any CPU
		{A508B43B-222E-4A0E-9280-A7F924CCFAB4}.Release|x64.ActiveCfg = Release|x64
		{A508B43B-222E-4A0E-9280-A7F924CCFAB4}.Release|x64.Build.0 = Release|x64
		{A508B43B-222E-4A0E-9280-A7F924CCFAB4}.Release|x86.ActiveCfg = Release|Any CPU
		{2C84CE43-CDAB-4541-A55A-7F849E8AC247}.Debug|Any CPU.ActiveCfg = Debug|Any CPU
		{2C84CE43-CDAB-4541-A55A-7F849E8AC247}.Debug|Any CPU.Build.0 = Debug|Any CPU
		{2C84CE43-CDAB-4541-A55A-7F849E8AC247}.Debug|Mixed Platforms.ActiveCfg = Debug|Any CPU
		{2C84CE43-CDAB-4541-A55A-7F849E8AC247}.Debug|Mixed Platforms.Build.0 = Debug|Any CPU
		{2C84CE43-CDAB-4541-A55A-7F849E8AC247}.Debug|Win32.ActiveCfg = Debug|Any CPU
		{2C84CE43-CDAB-4541-A55A-7F849E8AC247}.Debug|x64.ActiveCfg = Debug|x64
		{2C84CE43-CDAB-4541-A55A-7F849E8AC247}.Debug|x64.Build.0 = Debug|x64
		{2C84CE43-CDAB-4541-A55A-7F849E8AC247}.Debug|x86.ActiveCfg = Debug|Any CPU
		{2C84CE43-CDAB-4541-A55A-7F849E8AC247}.Release|Any CPU.ActiveCfg = Release|Any CPU
		{2C84CE43-CDAB-4541-A55A-7F849E8AC247}.Release|Any CPU.Build.0 = Release|Any CPU
		{2C84CE43-CDAB-4541-A55A-7F849E8AC247}.Release|Mixed Platforms.ActiveCfg = Release|Any CPU
		{2C84CE43-CDAB-4541-A55A-7F849E8AC247}.Release|Mixed Platforms.Build.0 = Release|Any CPU
		{2C84CE43-CDAB-4541-A55A-7F849E8AC247}.Release|Win32.ActiveCfg = Release|Any CPU
		{2C84CE43-CDAB-4541-A55A-7F849E8AC247}.Release|x64.ActiveCfg = Release|x64
		{2C84CE43-CDAB-4541-A55A-7F849E8AC247}.Release|x64.Build.0 = Release|x64
		{2C84CE43-CDAB-4541-A55A-7F849E8AC247}.Release|x86.ActiveCfg = Release|Any CPU
		{09DAE56B-715F-4069-BB66-A110D876A772}.Debug|Any CPU.ActiveCfg = Debug|Any CPU
		{09DAE56B-715F-4069-BB66-A110D876A772}.Debug|Any CPU.Build.0 = Debug|Any CPU
		{09DAE56B-715F-4069-BB66-A110D876A772}.Debug|Mixed Platforms.ActiveCfg = Debug|Any CPU
		{09DAE56B-715F-4069-BB66-A110D876A772}.Debug|Mixed Platforms.Build.0 = Debug|Any CPU
		{09DAE56B-715F-4069-BB66-A110D876A772}.Debug|Win32.ActiveCfg = Debug|Any CPU
		{09DAE56B-715F-4069-BB66-A110D876A772}.Debug|x64.ActiveCfg = Debug|x64
		{09DAE56B-715F-4069-BB66-A110D876A772}.Debug|x64.Build.0 = Debug|x64
		{09DAE56B-715F-4069-BB66-A110D876A772}.Debug|x86.ActiveCfg = Debug|Any CPU
		{09DAE56B-715F-4069-BB66-A110D876A772}.Release|Any CPU.ActiveCfg = Release|Any CPU
		{09DAE56B-715F-4069-BB66-A110D876A772}.Release|Any CPU.Build.0 = Release|Any CPU
		{09DAE56B-715F-4069-BB66-A110D876A772}.Release|Mixed Platforms.ActiveCfg = Release|Any CPU
		{09DAE56B-715F-4069-BB66-A110D876A772}.Release|Mixed Platforms.Build.0 = Release|Any CPU
		{09DAE56B-715F-4069-BB66-A110D876A772}.Release|Win32.ActiveCfg = Release|Any CPU
		{09DAE56B-715F-4069-BB66-A110D876A772}.Release|x64.ActiveCfg = Release|x64
		{09DAE56B-715F-4069-BB66-A110D876A772}.Release|x64.Build.0 = Release|x64
		{09DAE56B-715F-4069-BB66-A110D876A772}.Release|x86.ActiveCfg = Release|Any CPU
		{359A2541-2F84-40BB-A673-041460AB09A2}.Debug|Any CPU.ActiveCfg = Debug|Any CPU
		{359A2541-2F84-40BB-A673-041460AB09A2}.Debug|Any CPU.Build.0 = Debug|Any CPU
		{359A2541-2F84-40BB-A673-041460AB09A2}.Debug|Mixed Platforms.ActiveCfg = Debug|Any CPU
		{359A2541-2F84-40BB-A673-041460AB09A2}.Debug|Mixed Platforms.Build.0 = Debug|Any CPU
		{359A2541-2F84-40BB-A673-041460AB09A2}.Debug|Win32.ActiveCfg = Debug|Any CPU
		{359A2541-2F84-40BB-A673-041460AB09A2}.Debug|x64.ActiveCfg = Debug|x64
		{359A2541-2F84-40BB-A673-041460AB09A2}.Debug|x86.ActiveCfg = Debug|Any CPU
		{359A2541-2F84-40BB-A673-041460AB09A2}.Release|Any CPU.ActiveCfg = Release|Any CPU
		{359A2541-2F84-40BB-A673-041460AB09A2}.Release|Any CPU.Build.0 = Release|Any CPU
		{359A2541-2F84-40BB-A673-041460AB09A2}.Release|Mixed Platforms.ActiveCfg = Release|Any CPU
		{359A2541-2F84-40BB-A673-041460AB09A2}.Release|Mixed Platforms.Build.0 = Release|Any CPU
		{359A2541-2F84-40BB-A673-041460AB09A2}.Release|Win32.ActiveCfg = Release|Any CPU
		{359A2541-2F84-40BB-A673-041460AB09A2}.Release|x64.ActiveCfg = Release|x64
		{359A2541-2F84-40BB-A673-041460AB09A2}.Release|x86.ActiveCfg = Release|Any CPU
		{CC9CFE96-4647-4E8A-89F7-4818B4A006FE}.Debug|Any CPU.ActiveCfg = Debug|Any CPU
		{CC9CFE96-4647-4E8A-89F7-4818B4A006FE}.Debug|Any CPU.Build.0 = Debug|Any CPU
		{CC9CFE96-4647-4E8A-89F7-4818B4A006FE}.Debug|Mixed Platforms.ActiveCfg = Debug|Any CPU
		{CC9CFE96-4647-4E8A-89F7-4818B4A006FE}.Debug|Mixed Platforms.Build.0 = Debug|Any CPU
		{CC9CFE96-4647-4E8A-89F7-4818B4A006FE}.Debug|Win32.ActiveCfg = Debug|Any CPU
		{CC9CFE96-4647-4E8A-89F7-4818B4A006FE}.Debug|x64.ActiveCfg = Debug|Any CPU
		{CC9CFE96-4647-4E8A-89F7-4818B4A006FE}.Debug|x86.ActiveCfg = Debug|Any CPU
		{CC9CFE96-4647-4E8A-89F7-4818B4A006FE}.Release|Any CPU.ActiveCfg = Release|Any CPU
		{CC9CFE96-4647-4E8A-89F7-4818B4A006FE}.Release|Any CPU.Build.0 = Release|Any CPU
		{CC9CFE96-4647-4E8A-89F7-4818B4A006FE}.Release|Mixed Platforms.ActiveCfg = Release|Any CPU
		{CC9CFE96-4647-4E8A-89F7-4818B4A006FE}.Release|Mixed Platforms.Build.0 = Release|Any CPU
		{CC9CFE96-4647-4E8A-89F7-4818B4A006FE}.Release|Win32.ActiveCfg = Release|Any CPU
		{CC9CFE96-4647-4E8A-89F7-4818B4A006FE}.Release|x64.ActiveCfg = Release|Any CPU
		{CC9CFE96-4647-4E8A-89F7-4818B4A006FE}.Release|x64.Build.0 = Release|Any CPU
		{CC9CFE96-4647-4E8A-89F7-4818B4A006FE}.Release|x86.ActiveCfg = Release|Any CPU
	EndGlobalSection
	GlobalSection(SolutionProperties) = preSolution
		HideSolutionNode = FALSE
	EndGlobalSection
EndGlobal
