
Microsoft Visual Studio Solution File, Format Version 12.00
# Visual Studio 2012
Project("{FAE04EC0-301F-11D3-BF4B-00C04F79EFBC}") = "HandInputEngine", "HandInputEngine\HandInputEngine.csproj", "{A508B43B-222E-4A0E-9280-A7F924CCFAB4}"
EndProject
Project("{FAE04EC0-301F-11D3-BF4B-00C04F79EFBC}") = "Microsoft.Kinect.Toolkit", "..\Microsoft.Kinect.Toolkit\Microsoft.Kinect.Toolkit.csproj", "{C6F9C31B-6130-4443-A5CC-EF0664552ECD}"
EndProject
Global
	GlobalSection(SolutionConfigurationPlatforms) = preSolution
		Debug|Any CPU = Debug|Any CPU
		Release|Any CPU = Release|Any CPU
	EndGlobalSection
	GlobalSection(ProjectConfigurationPlatforms) = postSolution
		{A508B43B-222E-4A0E-9280-A7F924CCFAB4}.Debug|Any CPU.ActiveCfg = Debug|Any CPU
		{A508B43B-222E-4A0E-9280-A7F924CCFAB4}.Debug|Any CPU.Build.0 = Debug|Any CPU
		{A508B43B-222E-4A0E-9280-A7F924CCFAB4}.Release|Any CPU.ActiveCfg = Release|Any CPU
		{A508B43B-222E-4A0E-9280-A7F924CCFAB4}.Release|Any CPU.Build.0 = Release|Any CPU
		{C6F9C31B-6130-4443-A5CC-EF0664552ECD}.Debug|Any CPU.ActiveCfg = Debug|Any CPU
		{C6F9C31B-6130-4443-A5CC-EF0664552ECD}.Debug|Any CPU.Build.0 = Debug|Any CPU
		{C6F9C31B-6130-4443-A5CC-EF0664552ECD}.Release|Any CPU.ActiveCfg = Release|Any CPU
		{C6F9C31B-6130-4443-A5CC-EF0664552ECD}.Release|Any CPU.Build.0 = Release|Any CPU
	EndGlobalSection
	GlobalSection(SolutionProperties) = preSolution
		HideSolutionNode = FALSE
	EndGlobalSection
EndGlobal
